
Microsoft Visual Studio Solution File, Format Version 12.00
# Visual Studio Version 17
VisualStudioVersion = 17.10.35027.167
MinimumVisualStudioVersion = 10.0.40219.1
Project("{9A19103F-16F7-4668-BE54-9A1E7A4F7556}") = "Arvefordeleren_ClassLibrary", "Arvefordeleren_ClassLibrary\Arvefordeleren_ClassLibrary.csproj", "{9B51E4C8-2B98-43C5-81F9-1BFD70FED831}"
EndProject
Project("{FAE04EC0-301F-11D3-BF4B-00C04F79EFBC}") = "Arvefordeleren_WebApp", "Arvefordeleren_WebApp\Arvefordeleren_WebApp\Arvefordeleren_WebApp.csproj", "{31DA8A78-A288-4A37-BD59-76EA568CC0D1}"
EndProject
Project("{FAE04EC0-301F-11D3-BF4B-00C04F79EFBC}") = "Arvefordeleren_WebApp.Client", "Arvefordeleren_WebApp\Arvefordeleren_WebApp.Client\Arvefordeleren_WebApp.Client.csproj", "{2153DDF7-2298-4101-B1CB-4844299E45E9}"
EndProject
Global
	GlobalSection(SolutionConfigurationPlatforms) = preSolution
		Debug|Any CPU = Debug|Any CPU
		Release|Any CPU = Release|Any CPU
	EndGlobalSection
	GlobalSection(ProjectConfigurationPlatforms) = postSolution
		{9B51E4C8-2B98-43C5-81F9-1BFD70FED831}.Debug|Any CPU.ActiveCfg = Debug|Any CPU
		{9B51E4C8-2B98-43C5-81F9-1BFD70FED831}.Debug|Any CPU.Build.0 = Debug|Any CPU
		{9B51E4C8-2B98-43C5-81F9-1BFD70FED831}.Release|Any CPU.ActiveCfg = Release|Any CPU
		{9B51E4C8-2B98-43C5-81F9-1BFD70FED831}.Release|Any CPU.Build.0 = Release|Any CPU
		{31DA8A78-A288-4A37-BD59-76EA568CC0D1}.Debug|Any CPU.ActiveCfg = Debug|Any CPU
		{31DA8A78-A288-4A37-BD59-76EA568CC0D1}.Debug|Any CPU.Build.0 = Debug|Any CPU
		{31DA8A78-A288-4A37-BD59-76EA568CC0D1}.Release|Any CPU.ActiveCfg = Release|Any CPU
		{31DA8A78-A288-4A37-BD59-76EA568CC0D1}.Release|Any CPU.Build.0 = Release|Any CPU
		{2153DDF7-2298-4101-B1CB-4844299E45E9}.Debug|Any CPU.ActiveCfg = Debug|Any CPU
		{2153DDF7-2298-4101-B1CB-4844299E45E9}.Debug|Any CPU.Build.0 = Debug|Any CPU
		{2153DDF7-2298-4101-B1CB-4844299E45E9}.Release|Any CPU.ActiveCfg = Release|Any CPU
		{2153DDF7-2298-4101-B1CB-4844299E45E9}.Release|Any CPU.Build.0 = Release|Any CPU
	EndGlobalSection
	GlobalSection(SolutionProperties) = preSolution
		HideSolutionNode = FALSE
	EndGlobalSection
	GlobalSection(ExtensibilityGlobals) = postSolution
		SolutionGuid = {79B0F1B9-D13A-4662-BAF0-3C15B8F569BB}
	EndGlobalSection
EndGlobal
